// !$*UTF8*$!
{
	archiveVersion = 1;
	classes = {
	};
	objectVersion = 55;
	objects = {

/* Begin PBXBuildFile section */
		4D432C8D288AB1570002E4C4 /* ImageCacheManager.swift in Sources */ = {isa = PBXBuildFile; fileRef = 4D432C8C288AB1570002E4C4 /* ImageCacheManager.swift */; };
		4D432C8F288AB1CC0002E4C4 /* UIImageView + Extension.swift in Sources */ = {isa = PBXBuildFile; fileRef = 4D432C8E288AB1CC0002E4C4 /* UIImageView + Extension.swift */; };
		4D432C93288ADC970002E4C4 /* ImageURLsession.swift in Sources */ = {isa = PBXBuildFile; fileRef = 4D432C92288ADC970002E4C4 /* ImageURLsession.swift */; };
		4DD00C83288A82D500E46F28 /* AppDelegate.swift in Sources */ = {isa = PBXBuildFile; fileRef = 4DD00C82288A82D500E46F28 /* AppDelegate.swift */; };
		4DD00C85288A82D500E46F28 /* SceneDelegate.swift in Sources */ = {isa = PBXBuildFile; fileRef = 4DD00C84288A82D500E46F28 /* SceneDelegate.swift */; };
		4DD00C87288A82D500E46F28 /* ViewController.swift in Sources */ = {isa = PBXBuildFile; fileRef = 4DD00C86288A82D500E46F28 /* ViewController.swift */; };
		4DD00C8A288A82D500E46F28 /* Main.storyboard in Resources */ = {isa = PBXBuildFile; fileRef = 4DD00C88288A82D500E46F28 /* Main.storyboard */; };
		4DD00C8C288A82D700E46F28 /* Assets.xcassets in Resources */ = {isa = PBXBuildFile; fileRef = 4DD00C8B288A82D700E46F28 /* Assets.xcassets */; };
		4DD00C8F288A82D700E46F28 /* LaunchScreen.storyboard in Resources */ = {isa = PBXBuildFile; fileRef = 4DD00C8D288A82D700E46F28 /* LaunchScreen.storyboard */; };
		4DD00C97288A830800E46F28 /* NSCacheView.swift in Sources */ = {isa = PBXBuildFile; fileRef = 4DD00C96288A830800E46F28 /* NSCacheView.swift */; };
/* End PBXBuildFile section */

/* Begin PBXFileReference section */
		4D432C8C288AB1570002E4C4 /* ImageCacheManager.swift */ = {isa = PBXFileReference; lastKnownFileType = sourcecode.swift; path = ImageCacheManager.swift; sourceTree = "<group>"; };
		4D432C8E288AB1CC0002E4C4 /* UIImageView + Extension.swift */ = {isa = PBXFileReference; lastKnownFileType = sourcecode.swift; path = "UIImageView + Extension.swift"; sourceTree = "<group>"; };
		4D432C92288ADC970002E4C4 /* ImageURLsession.swift */ = {isa = PBXFileReference; lastKnownFileType = sourcecode.swift; path = ImageURLsession.swift; sourceTree = "<group>"; };
		4DD00C7F288A82D500E46F28 /* NScahchePractice.app */ = {isa = PBXFileReference; explicitFileType = wrapper.application; includeInIndex = 0; path = NScahchePractice.app; sourceTree = BUILT_PRODUCTS_DIR; };
		4DD00C82288A82D500E46F28 /* AppDelegate.swift */ = {isa = PBXFileReference; lastKnownFileType = sourcecode.swift; path = AppDelegate.swift; sourceTree = "<group>"; };
		4DD00C84288A82D500E46F28 /* SceneDelegate.swift */ = {isa = PBXFileReference; lastKnownFileType = sourcecode.swift; path = SceneDelegate.swift; sourceTree = "<group>"; };
		4DD00C86288A82D500E46F28 /* ViewController.swift */ = {isa = PBXFileReference; lastKnownFileType = sourcecode.swift; path = ViewController.swift; sourceTree = "<group>"; };
		4DD00C89288A82D500E46F28 /* Base */ = {isa = PBXFileReference; lastKnownFileType = file.storyboard; name = Base; path = Base.lproj/Main.storyboard; sourceTree = "<group>"; };
		4DD00C8B288A82D700E46F28 /* Assets.xcassets */ = {isa = PBXFileReference; lastKnownFileType = folder.assetcatalog; path = Assets.xcassets; sourceTree = "<group>"; };
		4DD00C8E288A82D700E46F28 /* Base */ = {isa = PBXFileReference; lastKnownFileType = file.storyboard; name = Base; path = Base.lproj/LaunchScreen.storyboard; sourceTree = "<group>"; };
		4DD00C90288A82D700E46F28 /* Info.plist */ = {isa = PBXFileReference; lastKnownFileType = text.plist.xml; path = Info.plist; sourceTree = "<group>"; };
		4DD00C96288A830800E46F28 /* NSCacheView.swift */ = {isa = PBXFileReference; lastKnownFileType = sourcecode.swift; path = NSCacheView.swift; sourceTree = "<group>"; };
/* End PBXFileReference section */

/* Begin PBXFrameworksBuildPhase section */
		4DD00C7C288A82D500E46F28 /* Frameworks */ = {
			isa = PBXFrameworksBuildPhase;
			buildActionMask = 2147483647;
			files = (
			);
			runOnlyForDeploymentPostprocessing = 0;
		};
/* End PBXFrameworksBuildPhase section */

/* Begin PBXGroup section */
		4DD00C76288A82D500E46F28 = {
			isa = PBXGroup;
			children = (
				4DD00C81288A82D500E46F28 /* NScahchePractice */,
				4DD00C80288A82D500E46F28 /* Products */,
			);
			sourceTree = "<group>";
		};
		4DD00C80288A82D500E46F28 /* Products */ = {
			isa = PBXGroup;
			children = (
				4DD00C7F288A82D500E46F28 /* NScahchePractice.app */,
			);
			name = Products;
			sourceTree = "<group>";
		};
		4DD00C81288A82D500E46F28 /* NScahchePractice */ = {
			isa = PBXGroup;
			children = (
				4DD00C82288A82D500E46F28 /* AppDelegate.swift */,
				4DD00C84288A82D500E46F28 /* SceneDelegate.swift */,
				4DD00C86288A82D500E46F28 /* ViewController.swift */,
				4DD00C88288A82D500E46F28 /* Main.storyboard */,
				4DD00C8B288A82D700E46F28 /* Assets.xcassets */,
				4DD00C8D288A82D700E46F28 /* LaunchScreen.storyboard */,
				4DD00C90288A82D700E46F28 /* Info.plist */,
				4DD00C96288A830800E46F28 /* NSCacheView.swift */,
				4D432C92288ADC970002E4C4 /* ImageURLsession.swift */,
				4D432C8C288AB1570002E4C4 /* ImageCacheManager.swift */,
				4D432C8E288AB1CC0002E4C4 /* UIImageView + Extension.swift */,
			);
			path = NScahchePractice;
			sourceTree = "<group>";
		};
/* End PBXGroup section */

/* Begin PBXNativeTarget section */
		4DD00C7E288A82D500E46F28 /* NScahchePractice */ = {
			isa = PBXNativeTarget;
			buildConfigurationList = 4DD00C93288A82D700E46F28 /* Build configuration list for PBXNativeTarget "NScahchePractice" */;
			buildPhases = (
				4DD00C7B288A82D500E46F28 /* Sources */,
				4DD00C7C288A82D500E46F28 /* Frameworks */,
				4DD00C7D288A82D500E46F28 /* Resources */,
			);
			buildRules = (
			);
			dependencies = (
			);
			name = NScahchePractice;
			productName = NScahchePractice;
			productReference = 4DD00C7F288A82D500E46F28 /* NScahchePractice.app */;
			productType = "com.apple.product-type.application";
		};
/* End PBXNativeTarget section */

/* Begin PBXProject section */
		4DD00C77288A82D500E46F28 /* Project object */ = {
			isa = PBXProject;
			attributes = {
				BuildIndependentTargetsInParallel = 1;
				LastSwiftUpdateCheck = 1340;
				LastUpgradeCheck = 1340;
				TargetAttributes = {
					4DD00C7E288A82D500E46F28 = {
						CreatedOnToolsVersion = 13.4.1;
					};
				};
			};
			buildConfigurationList = 4DD00C7A288A82D500E46F28 /* Build configuration list for PBXProject "NScahchePractice" */;
			compatibilityVersion = "Xcode 13.0";
			developmentRegion = en;
			hasScannedForEncodings = 0;
			knownRegions = (
				en,
				Base,
			);
			mainGroup = 4DD00C76288A82D500E46F28;
			productRefGroup = 4DD00C80288A82D500E46F28 /* Products */;
			projectDirPath = "";
			projectRoot = "";
			targets = (
				4DD00C7E288A82D500E46F28 /* NScahchePractice */,
			);
		};
/* End PBXProject section */

/* Begin PBXResourcesBuildPhase section */
		4DD00C7D288A82D500E46F28 /* Resources */ = {
			isa = PBXResourcesBuildPhase;
			buildActionMask = 2147483647;
			files = (
				4DD00C8F288A82D700E46F28 /* LaunchScreen.storyboard in Resources */,
				4DD00C8C288A82D700E46F28 /* Assets.xcassets in Resources */,
				4DD00C8A288A82D500E46F28 /* Main.storyboard in Resources */,
			);
			runOnlyForDeploymentPostprocessing = 0;
		};
/* End PBXResourcesBuildPhase section */

/* Begin PBXSourcesBuildPhase section */
		4DD00C7B288A82D500E46F28 /* Sources */ = {
			isa = PBXSourcesBuildPhase;
			buildActionMask = 2147483647;
			files = (
				4D432C8F288AB1CC0002E4C4 /* UIImageView + Extension.swift in Sources */,
				4DD00C97288A830800E46F28 /* NSCacheView.swift in Sources */,
				4DD00C87288A82D500E46F28 /* ViewController.swift in Sources */,
				4D432C93288ADC970002E4C4 /* ImageURLsession.swift in Sources */,
				4D432C8D288AB1570002E4C4 /* ImageCacheManager.swift in Sources */,
				4DD00C83288A82D500E46F28 /* AppDelegate.swift in Sources */,
				4DD00C85288A82D500E46F28 /* SceneDelegate.swift in Sources */,
			);
			runOnlyForDeploymentPostprocessing = 0;
		};
/* End PBXSourcesBuildPhase section */

/* Begin PBXVariantGroup section */
		4DD00C88288A82D500E46F28 /* Main.storyboard */ = {
			isa = PBXVariantGroup;
			children = (
				4DD00C89288A82D500E46F28 /* Base */,
			);
			name = Main.storyboard;
			sourceTree = "<group>";
		};
		4DD00C8D288A82D700E46F28 /* LaunchScreen.storyboard */ = {
			isa = PBXVariantGroup;
			children = (
				4DD00C8E288A82D700E46F28 /* Base */,
			);
			name = LaunchScreen.storyboard;
			sourceTree = "<group>";
		};
/* End PBXVariantGroup section */

/* Begin XCBuildConfiguration section */
		4DD00C91288A82D700E46F28 /* Debug */ = {
			isa = XCBuildConfiguration;
			buildSettings = {
				ALWAYS_SEARCH_USER_PATHS = NO;
				CLANG_ANALYZER_NONNULL = YES;
				CLANG_ANALYZER_NUMBER_OBJECT_CONVERSION = YES_AGGRESSIVE;
				CLANG_CXX_LANGUAGE_STANDARD = "gnu++17";
				CLANG_ENABLE_MODULES = YES;
				CLANG_ENABLE_OBJC_ARC = YES;
				CLANG_ENABLE_OBJC_WEAK = YES;
				CLANG_WARN_BLOCK_CAPTURE_AUTORELEASING = YES;
				CLANG_WARN_BOOL_CONVERSION = YES;
				CLANG_WARN_COMMA = YES;
				CLANG_WARN_CONSTANT_CONVERSION = YES;
				CLANG_WARN_DEPRECATED_OBJC_IMPLEMENTATIONS = YES;
				CLANG_WARN_DIRECT_OBJC_ISA_USAGE = YES_ERROR;
				CLANG_WARN_DOCUMENTATION_COMMENTS = YES;
				CLANG_WARN_EMPTY_BODY = YES;
				CLANG_WARN_ENUM_CONVERSION = YES;
				CLANG_WARN_INFINITE_RECURSION = YES;
				CLANG_WARN_INT_CONVERSION = YES;
				CLANG_WARN_NON_LITERAL_NULL_CONVERSION = YES;
				CLANG_WARN_OBJC_IMPLICIT_RETAIN_SELF = YES;
				CLANG_WARN_OBJC_LITERAL_CONVERSION = YES;
				CLANG_WARN_OBJC_ROOT_CLASS = YES_ERROR;
				CLANG_WARN_QUOTED_INCLUDE_IN_FRAMEWORK_HEADER = YES;
				CLANG_WARN_RANGE_LOOP_ANALYSIS = YES;
				CLANG_WARN_STRICT_PROTOTYPES = YES;
				CLANG_WARN_SUSPICIOUS_MOVE = YES;
				CLANG_WARN_UNGUARDED_AVAILABILITY = YES_AGGRESSIVE;
				CLANG_WARN_UNREACHABLE_CODE = YES;
				CLANG_WARN__DUPLICATE_METHOD_MATCH = YES;
				COPY_PHASE_STRIP = NO;
				DEBUG_INFORMATION_FORMAT = dwarf;
				ENABLE_STRICT_OBJC_MSGSEND = YES;
				ENABLE_TESTABILITY = YES;
				GCC_C_LANGUAGE_STANDARD = gnu11;
				GCC_DYNAMIC_NO_PIC = NO;
				GCC_NO_COMMON_BLOCKS = YES;
				GCC_OPTIMIZATION_LEVEL = 0;
				GCC_PREPROCESSOR_DEFINITIONS = (
					"DEBUG=1",
					"$(inherited)",
				);
				GCC_WARN_64_TO_32_BIT_CONVERSION = YES;
				GCC_WARN_ABOUT_RETURN_TYPE = YES_ERROR;
				GCC_WARN_UNDECLARED_SELECTOR = YES;
				GCC_WARN_UNINITIALIZED_AUTOS = YES_AGGRESSIVE;
				GCC_WARN_UNUSED_FUNCTION = YES;
				GCC_WARN_UNUSED_VARIABLE = YES;
				IPHONEOS_DEPLOYMENT_TARGET = 15.5;
				MTL_ENABLE_DEBUG_INFO = INCLUDE_SOURCE;
				MTL_FAST_MATH = YES;
				ONLY_ACTIVE_ARCH = YES;
				SDKROOT = iphoneos;
				SWIFT_ACTIVE_COMPILATION_CONDITIONS = DEBUG;
				SWIFT_OPTIMIZATION_LEVEL = "-Onone";
			};
			name = Debug;
		};
		4DD00C92288A82D700E46F28 /* Release */ = {
			isa = XCBuildConfiguration;
			buildSettings = {
				ALWAYS_SEARCH_USER_PATHS = NO;
				CLANG_ANALYZER_NONNULL = YES;
				CLANG_ANALYZER_NUMBER_OBJECT_CONVERSION = YES_AGGRESSIVE;
				CLANG_CXX_LANGUAGE_STANDARD = "gnu++17";
				CLANG_ENABLE_MODULES = YES;
				CLANG_ENABLE_OBJC_ARC = YES;
				CLANG_ENABLE_OBJC_WEAK = YES;
				CLANG_WARN_BLOCK_CAPTURE_AUTORELEASING = YES;
				CLANG_WARN_BOOL_CONVERSION = YES;
				CLANG_WARN_COMMA = YES;
				CLANG_WARN_CONSTANT_CONVERSION = YES;
				CLANG_WARN_DEPRECATED_OBJC_IMPLEMENTATIONS = YES;
				CLANG_WARN_DIRECT_OBJC_ISA_USAGE = YES_ERROR;
				CLANG_WARN_DOCUMENTATION_COMMENTS = YES;
				CLANG_WARN_EMPTY_BODY = YES;
				CLANG_WARN_ENUM_CONVERSION = YES;
				CLANG_WARN_INFINITE_RECURSION = YES;
				CLANG_WARN_INT_CONVERSION = YES;
				CLANG_WARN_NON_LITERAL_NULL_CONVERSION = YES;
				CLANG_WARN_OBJC_IMPLICIT_RETAIN_SELF = YES;
				CLANG_WARN_OBJC_LITERAL_CONVERSION = YES;
				CLANG_WARN_OBJC_ROOT_CLASS = YES_ERROR;
				CLANG_WARN_QUOTED_INCLUDE_IN_FRAMEWORK_HEADER = YES;
				CLANG_WARN_RANGE_LOOP_ANALYSIS = YES;
				CLANG_WARN_STRICT_PROTOTYPES = YES;
				CLANG_WARN_SUSPICIOUS_MOVE = YES;
				CLANG_WARN_UNGUARDED_AVAILABILITY = YES_AGGRESSIVE;
				CLANG_WARN_UNREACHABLE_CODE = YES;
				CLANG_WARN__DUPLICATE_METHOD_MATCH = YES;
				COPY_PHASE_STRIP = NO;
				DEBUG_INFORMATION_FORMAT = "dwarf-with-dsym";
				ENABLE_NS_ASSERTIONS = NO;
				ENABLE_STRICT_OBJC_MSGSEND = YES;
				GCC_C_LANGUAGE_STANDARD = gnu11;
				GCC_NO_COMMON_BLOCKS = YES;
				GCC_WARN_64_TO_32_BIT_CONVERSION = YES;
				GCC_WARN_ABOUT_RETURN_TYPE = YES_ERROR;
				GCC_WARN_UNDECLARED_SELECTOR = YES;
				GCC_WARN_UNINITIALIZED_AUTOS = YES_AGGRESSIVE;
				GCC_WARN_UNUSED_FUNCTION = YES;
				GCC_WARN_UNUSED_VARIABLE = YES;
				IPHONEOS_DEPLOYMENT_TARGET = 15.5;
				MTL_ENABLE_DEBUG_INFO = NO;
				MTL_FAST_MATH = YES;
				SDKROOT = iphoneos;
				SWIFT_COMPILATION_MODE = wholemodule;
				SWIFT_OPTIMIZATION_LEVEL = "-O";
				VALIDATE_PRODUCT = YES;
			};
			name = Release;
		};
		4DD00C94288A82D700E46F28 /* Debug */ = {
			isa = XCBuildConfiguration;
			buildSettings = {
				ASSETCATALOG_COMPILER_APPICON_NAME = AppIcon;
				ASSETCATALOG_COMPILER_GLOBAL_ACCENT_COLOR_NAME = AccentColor;
				CODE_SIGN_STYLE = Automatic;
				CURRENT_PROJECT_VERSION = 1;
				GENERATE_INFOPLIST_FILE = YES;
				INFOPLIST_FILE = NScahchePractice/Info.plist;
				INFOPLIST_KEY_UIApplicationSupportsIndirectInputEvents = YES;
				INFOPLIST_KEY_UILaunchStoryboardName = LaunchScreen;
				INFOPLIST_KEY_UIMainStoryboardFile = Main;
				INFOPLIST_KEY_UISupportedInterfaceOrientations_iPad = "UIInterfaceOrientationPortrait UIInterfaceOrientationPortraitUpsideDown UIInterfaceOrientationLandscapeLeft UIInterfaceOrientationLandscapeRight";
				INFOPLIST_KEY_UISupportedInterfaceOrientations_iPhone = "UIInterfaceOrientationPortrait UIInterfaceOrientationLandscapeLeft UIInterfaceOrientationLandscapeRight";
				LD_RUNPATH_SEARCH_PATHS = (
					"$(inherited)",
					"@executable_path/Frameworks",
				);
				MARKETING_VERSION = 1.0;
				PRODUCT_BUNDLE_IDENTIFIER = com.Kiwi.NScahchePractice;
				PRODUCT_NAME = "$(TARGET_NAME)";
				SWIFT_EMIT_LOC_STRINGS = YES;
				SWIFT_VERSION = 5.0;
				TARGETED_DEVICE_FAMILY = "1,2";
			};
			name = Debug;
		};
		4DD00C95288A82D700E46F28 /* Release */ = {
			isa = XCBuildConfiguration;
			buildSettings = {
				ASSETCATALOG_COMPILER_APPICON_NAME = AppIcon;
				ASSETCATALOG_COMPILER_GLOBAL_ACCENT_COLOR_NAME = AccentColor;
				CODE_SIGN_STYLE = Automatic;
				CURRENT_PROJECT_VERSION = 1;
				GENERATE_INFOPLIST_FILE = YES;
				INFOPLIST_FILE = NScahchePractice/Info.plist;
				INFOPLIST_KEY_UIApplicationSupportsIndirectInputEvents = YES;
				INFOPLIST_KEY_UILaunchStoryboardName = LaunchScreen;
				INFOPLIST_KEY_UIMainStoryboardFile = Main;
				INFOPLIST_KEY_UISupportedInterfaceOrientations_iPad = "UIInterfaceOrientationPortrait UIInterfaceOrientationPortraitUpsideDown UIInterfaceOrientationLandscapeLeft UIInterfaceOrientationLandscapeRight";
				INFOPLIST_KEY_UISupportedInterfaceOrientations_iPhone = "UIInterfaceOrientationPortrait UIInterfaceOrientationLandscapeLeft UIInterfaceOrientationLandscapeRight";
				LD_RUNPATH_SEARCH_PATHS = (
					"$(inherited)",
					"@executable_path/Frameworks",
				);
				MARKETING_VERSION = 1.0;
				PRODUCT_BUNDLE_IDENTIFIER = com.Kiwi.NScahchePractice;
				PRODUCT_NAME = "$(TARGET_NAME)";
				SWIFT_EMIT_LOC_STRINGS = YES;
				SWIFT_VERSION = 5.0;
				TARGETED_DEVICE_FAMILY = "1,2";
			};
			name = Release;
		};
/* End XCBuildConfiguration section */

/* Begin XCConfigurationList section */
		4DD00C7A288A82D500E46F28 /* Build configuration list for PBXProject "NScahchePractice" */ = {
			isa = XCConfigurationList;
			buildConfigurations = (
				4DD00C91288A82D700E46F28 /* Debug */,
				4DD00C92288A82D700E46F28 /* Release */,
			);
			defaultConfigurationIsVisible = 0;
			defaultConfigurationName = Release;
		};
		4DD00C93288A82D700E46F28 /* Build configuration list for PBXNativeTarget "NScahchePractice" */ = {
			isa = XCConfigurationList;
			buildConfigurations = (
				4DD00C94288A82D700E46F28 /* Debug */,
				4DD00C95288A82D700E46F28 /* Release */,
			);
			defaultConfigurationIsVisible = 0;
			defaultConfigurationName = Release;
		};
/* End XCConfigurationList section */
	};
	rootObject = 4DD00C77288A82D500E46F28 /* Project object */;
}
